
Microsoft Visual Studio Solution File, Format Version 12.00
# Visual Studio Version 17
VisualStudioVersion = 17.8.34511.84
MinimumVisualStudioVersion = 10.0.40219.1
Project("{9A19103F-16F7-4668-BE54-9A1E7A4F7556}") = "TTGamesExplorerRebirthCmd", "TTGamesExplorerRebirthCmd\TTGamesExplorerRebirthCmd.csproj", "{7371710E-E05A-4758-94A1-5CE01DD6BC29}"
EndProject
Project("{9A19103F-16F7-4668-BE54-9A1E7A4F7556}") = "TTGamesExplorerRebirthLib", "TTGamesExplorerRebirthLib\TTGamesExplorerRebirthLib.csproj", "{6DE3EAD3-AF28-4585-9E6F-3B8B61773741}"
EndProject
Project("{9A19103F-16F7-4668-BE54-9A1E7A4F7556}") = "TTGamesExplorerRebirthUI", "TTGamesExplorerRebirthUI\TTGamesExplorerRebirthUI.csproj", "{43ED4579-F874-4497-AA9D-B20CF3C9A59B}"
EndProject
Project("{9A19103F-16F7-4668-BE54-9A1E7A4F7556}") = "TTGamesExplorerRebirthLoader", "TTGamesExplorerRebirthLoader\TTGamesExplorerRebirthLoader.csproj", "{A881FE5B-1362-4D83-B86F-FB3F818A3476}"
EndProject
Project("{8BC9CEB8-8B4A-11D0-8D11-00A0C91BC942}") = "TTGamesExplorerRebirthBootstrap", "TTGamesExplorerRebirthBootstrap\TTGamesExplorerRebirthBootstrap.vcxproj", "{B2B0EEB4-0970-4946-A282-C2078E5CDDE7}"
EndProject
Project("{9A19103F-16F7-4668-BE54-9A1E7A4F7556}") = "TTGamesExplorerRebirthHook", "TTGamesExplorerRebirthHook\TTGamesExplorerRebirthHook.csproj", "{33E025C7-AC55-4CF7-8012-B44E354F1D59}"
EndProject
Global
	GlobalSection(SolutionConfigurationPlatforms) = preSolution
		Debug|Any CPU = Debug|Any CPU
		Debug|ARM = Debug|ARM
		Debug|ARM64 = Debug|ARM64
		Debug|x64 = Debug|x64
		Debug|x86 = Debug|x86
		Main|Any CPU = Main|Any CPU
		Main|ARM = Main|ARM
		Main|ARM64 = Main|ARM64
		Main|x64 = Main|x64
		Main|x86 = Main|x86
		Main-Debug|Any CPU = Main-Debug|Any CPU
		Main-Debug|ARM = Main-Debug|ARM
		Main-Debug|ARM64 = Main-Debug|ARM64
		Main-Debug|x64 = Main-Debug|x64
		Main-Debug|x86 = Main-Debug|x86
		Release|Any CPU = Release|Any CPU
		Release|ARM = Release|ARM
		Release|ARM64 = Release|ARM64
		Release|x64 = Release|x64
		Release|x86 = Release|x86
	EndGlobalSection
	GlobalSection(ProjectConfigurationPlatforms) = postSolution
		{7371710E-E05A-4758-94A1-5CE01DD6BC29}.Debug|Any CPU.ActiveCfg = Debug|Any CPU
		{7371710E-E05A-4758-94A1-5CE01DD6BC29}.Debug|Any CPU.Build.0 = Debug|Any CPU
		{7371710E-E05A-4758-94A1-5CE01DD6BC29}.Debug|ARM.ActiveCfg = Debug|Any CPU
		{7371710E-E05A-4758-94A1-5CE01DD6BC29}.Debug|ARM.Build.0 = Debug|Any CPU
		{7371710E-E05A-4758-94A1-5CE01DD6BC29}.Debug|ARM64.ActiveCfg = Debug|Any CPU
		{7371710E-E05A-4758-94A1-5CE01DD6BC29}.Debug|ARM64.Build.0 = Debug|Any CPU
		{7371710E-E05A-4758-94A1-5CE01DD6BC29}.Debug|x64.ActiveCfg = Debug|Any CPU
		{7371710E-E05A-4758-94A1-5CE01DD6BC29}.Debug|x64.Build.0 = Debug|Any CPU
		{7371710E-E05A-4758-94A1-5CE01DD6BC29}.Debug|x86.ActiveCfg = Debug|Any CPU
		{7371710E-E05A-4758-94A1-5CE01DD6BC29}.Main|Any CPU.ActiveCfg = Release|Any CPU
		{7371710E-E05A-4758-94A1-5CE01DD6BC29}.Main|Any CPU.Build.0 = Release|Any CPU
		{7371710E-E05A-4758-94A1-5CE01DD6BC29}.Main|ARM.ActiveCfg = Release|Any CPU
		{7371710E-E05A-4758-94A1-5CE01DD6BC29}.Main|ARM.Build.0 = Release|Any CPU
		{7371710E-E05A-4758-94A1-5CE01DD6BC29}.Main|ARM64.ActiveCfg = Release|Any CPU
		{7371710E-E05A-4758-94A1-5CE01DD6BC29}.Main|ARM64.Build.0 = Release|Any CPU
		{7371710E-E05A-4758-94A1-5CE01DD6BC29}.Main|x64.ActiveCfg = Release|Any CPU
		{7371710E-E05A-4758-94A1-5CE01DD6BC29}.Main|x64.Build.0 = Release|Any CPU
		{7371710E-E05A-4758-94A1-5CE01DD6BC29}.Main|x86.ActiveCfg = Release|Any CPU
		{7371710E-E05A-4758-94A1-5CE01DD6BC29}.Main|x86.Build.0 = Release|Any CPU
		{7371710E-E05A-4758-94A1-5CE01DD6BC29}.Main-Debug|Any CPU.ActiveCfg = Debug|Any CPU
		{7371710E-E05A-4758-94A1-5CE01DD6BC29}.Main-Debug|Any CPU.Build.0 = Debug|Any CPU
		{7371710E-E05A-4758-94A1-5CE01DD6BC29}.Main-Debug|ARM.ActiveCfg = Debug|Any CPU
		{7371710E-E05A-4758-94A1-5CE01DD6BC29}.Main-Debug|ARM.Build.0 = Debug|Any CPU
		{7371710E-E05A-4758-94A1-5CE01DD6BC29}.Main-Debug|ARM64.ActiveCfg = Debug|Any CPU
		{7371710E-E05A-4758-94A1-5CE01DD6BC29}.Main-Debug|ARM64.Build.0 = Debug|Any CPU
		{7371710E-E05A-4758-94A1-5CE01DD6BC29}.Main-Debug|x64.ActiveCfg = Debug|Any CPU
		{7371710E-E05A-4758-94A1-5CE01DD6BC29}.Main-Debug|x64.Build.0 = Debug|Any CPU
		{7371710E-E05A-4758-94A1-5CE01DD6BC29}.Main-Debug|x86.ActiveCfg = Debug|Any CPU
		{7371710E-E05A-4758-94A1-5CE01DD6BC29}.Main-Debug|x86.Build.0 = Debug|Any CPU
		{7371710E-E05A-4758-94A1-5CE01DD6BC29}.Release|Any CPU.ActiveCfg = Release|Any CPU
		{7371710E-E05A-4758-94A1-5CE01DD6BC29}.Release|Any CPU.Build.0 = Release|Any CPU
		{7371710E-E05A-4758-94A1-5CE01DD6BC29}.Release|ARM.ActiveCfg = Release|Any CPU
		{7371710E-E05A-4758-94A1-5CE01DD6BC29}.Release|ARM.Build.0 = Release|Any CPU
		{7371710E-E05A-4758-94A1-5CE01DD6BC29}.Release|ARM64.ActiveCfg = Release|Any CPU
		{7371710E-E05A-4758-94A1-5CE01DD6BC29}.Release|ARM64.Build.0 = Release|Any CPU
		{7371710E-E05A-4758-94A1-5CE01DD6BC29}.Release|x64.ActiveCfg = Release|Any CPU
		{7371710E-E05A-4758-94A1-5CE01DD6BC29}.Release|x64.Build.0 = Release|Any CPU
		{7371710E-E05A-4758-94A1-5CE01DD6BC29}.Release|x86.ActiveCfg = Release|Any CPU
		{7371710E-E05A-4758-94A1-5CE01DD6BC29}.Release|x86.Build.0 = Release|Any CPU
		{6DE3EAD3-AF28-4585-9E6F-3B8B61773741}.Debug|Any CPU.ActiveCfg = Debug|Any CPU
		{6DE3EAD3-AF28-4585-9E6F-3B8B61773741}.Debug|Any CPU.Build.0 = Debug|Any CPU
		{6DE3EAD3-AF28-4585-9E6F-3B8B61773741}.Debug|ARM.ActiveCfg = Debug|Any CPU
		{6DE3EAD3-AF28-4585-9E6F-3B8B61773741}.Debug|ARM.Build.0 = Debug|Any CPU
		{6DE3EAD3-AF28-4585-9E6F-3B8B61773741}.Debug|ARM64.ActiveCfg = Debug|Any CPU
		{6DE3EAD3-AF28-4585-9E6F-3B8B61773741}.Debug|ARM64.Build.0 = Debug|Any CPU
		{6DE3EAD3-AF28-4585-9E6F-3B8B61773741}.Debug|x64.ActiveCfg = Debug|Any CPU
		{6DE3EAD3-AF28-4585-9E6F-3B8B61773741}.Debug|x64.Build.0 = Debug|Any CPU
		{6DE3EAD3-AF28-4585-9E6F-3B8B61773741}.Debug|x86.ActiveCfg = Debug|Any CPU
		{6DE3EAD3-AF28-4585-9E6F-3B8B61773741}.Main|Any CPU.ActiveCfg = Release|Any CPU
		{6DE3EAD3-AF28-4585-9E6F-3B8B61773741}.Main|Any CPU.Build.0 = Release|Any CPU
		{6DE3EAD3-AF28-4585-9E6F-3B8B61773741}.Main|ARM.ActiveCfg = Release|Any CPU
		{6DE3EAD3-AF28-4585-9E6F-3B8B61773741}.Main|ARM.Build.0 = Release|Any CPU
		{6DE3EAD3-AF28-4585-9E6F-3B8B61773741}.Main|ARM64.ActiveCfg = Release|Any CPU
		{6DE3EAD3-AF28-4585-9E6F-3B8B61773741}.Main|ARM64.Build.0 = Release|Any CPU
		{6DE3EAD3-AF28-4585-9E6F-3B8B61773741}.Main|x64.ActiveCfg = Release|Any CPU
		{6DE3EAD3-AF28-4585-9E6F-3B8B61773741}.Main|x64.Build.0 = Release|Any CPU
		{6DE3EAD3-AF28-4585-9E6F-3B8B61773741}.Main|x86.ActiveCfg = Release|Any CPU
		{6DE3EAD3-AF28-4585-9E6F-3B8B61773741}.Main|x86.Build.0 = Release|Any CPU
		{6DE3EAD3-AF28-4585-9E6F-3B8B61773741}.Main-Debug|Any CPU.ActiveCfg = Debug|Any CPU
		{6DE3EAD3-AF28-4585-9E6F-3B8B61773741}.Main-Debug|Any CPU.Build.0 = Debug|Any CPU
		{6DE3EAD3-AF28-4585-9E6F-3B8B61773741}.Main-Debug|ARM.ActiveCfg = Debug|Any CPU
		{6DE3EAD3-AF28-4585-9E6F-3B8B61773741}.Main-Debug|ARM.Build.0 = Debug|Any CPU
		{6DE3EAD3-AF28-4585-9E6F-3B8B61773741}.Main-Debug|ARM64.ActiveCfg = Debug|Any CPU
		{6DE3EAD3-AF28-4585-9E6F-3B8B61773741}.Main-Debug|ARM64.Build.0 = Debug|Any CPU
		{6DE3EAD3-AF28-4585-9E6F-3B8B61773741}.Main-Debug|x64.ActiveCfg = Debug|Any CPU
		{6DE3EAD3-AF28-4585-9E6F-3B8B61773741}.Main-Debug|x64.Build.0 = Debug|Any CPU
		{6DE3EAD3-AF28-4585-9E6F-3B8B61773741}.Main-Debug|x86.ActiveCfg = Debug|Any CPU
		{6DE3EAD3-AF28-4585-9E6F-3B8B61773741}.Main-Debug|x86.Build.0 = Debug|Any CPU
		{6DE3EAD3-AF28-4585-9E6F-3B8B61773741}.Release|Any CPU.ActiveCfg = Release|Any CPU
		{6DE3EAD3-AF28-4585-9E6F-3B8B61773741}.Release|Any CPU.Build.0 = Release|Any CPU
		{6DE3EAD3-AF28-4585-9E6F-3B8B61773741}.Release|ARM.ActiveCfg = Release|Any CPU
		{6DE3EAD3-AF28-4585-9E6F-3B8B61773741}.Release|ARM.Build.0 = Release|Any CPU
		{6DE3EAD3-AF28-4585-9E6F-3B8B61773741}.Release|ARM64.ActiveCfg = Release|Any CPU
		{6DE3EAD3-AF28-4585-9E6F-3B8B61773741}.Release|ARM64.Build.0 = Release|Any CPU
		{6DE3EAD3-AF28-4585-9E6F-3B8B61773741}.Release|x64.ActiveCfg = Release|Any CPU
		{6DE3EAD3-AF28-4585-9E6F-3B8B61773741}.Release|x64.Build.0 = Release|Any CPU
		{6DE3EAD3-AF28-4585-9E6F-3B8B61773741}.Release|x86.ActiveCfg = Release|Any CPU
		{6DE3EAD3-AF28-4585-9E6F-3B8B61773741}.Release|x86.Build.0 = Release|Any CPU
		{43ED4579-F874-4497-AA9D-B20CF3C9A59B}.Debug|Any CPU.ActiveCfg = Debug|Any CPU
		{43ED4579-F874-4497-AA9D-B20CF3C9A59B}.Debug|Any CPU.Build.0 = Debug|Any CPU
		{43ED4579-F874-4497-AA9D-B20CF3C9A59B}.Debug|ARM.ActiveCfg = Debug|Any CPU
		{43ED4579-F874-4497-AA9D-B20CF3C9A59B}.Debug|ARM.Build.0 = Debug|Any CPU
		{43ED4579-F874-4497-AA9D-B20CF3C9A59B}.Debug|ARM64.ActiveCfg = Debug|Any CPU
		{43ED4579-F874-4497-AA9D-B20CF3C9A59B}.Debug|ARM64.Build.0 = Debug|Any CPU
		{43ED4579-F874-4497-AA9D-B20CF3C9A59B}.Debug|x64.ActiveCfg = Debug|Any CPU
		{43ED4579-F874-4497-AA9D-B20CF3C9A59B}.Debug|x64.Build.0 = Debug|Any CPU
		{43ED4579-F874-4497-AA9D-B20CF3C9A59B}.Debug|x86.ActiveCfg = Debug|Any CPU
		{43ED4579-F874-4497-AA9D-B20CF3C9A59B}.Main|Any CPU.ActiveCfg = Debug|Any CPU
		{43ED4579-F874-4497-AA9D-B20CF3C9A59B}.Main|Any CPU.Build.0 = Debug|Any CPU
		{43ED4579-F874-4497-AA9D-B20CF3C9A59B}.Main|ARM.ActiveCfg = Debug|Any CPU
		{43ED4579-F874-4497-AA9D-B20CF3C9A59B}.Main|ARM.Build.0 = Debug|Any CPU
		{43ED4579-F874-4497-AA9D-B20CF3C9A59B}.Main|ARM64.ActiveCfg = Debug|Any CPU
		{43ED4579-F874-4497-AA9D-B20CF3C9A59B}.Main|ARM64.Build.0 = Debug|Any CPU
		{43ED4579-F874-4497-AA9D-B20CF3C9A59B}.Main|x64.ActiveCfg = Debug|Any CPU
		{43ED4579-F874-4497-AA9D-B20CF3C9A59B}.Main|x64.Build.0 = Debug|Any CPU
		{43ED4579-F874-4497-AA9D-B20CF3C9A59B}.Main|x86.ActiveCfg = Debug|Any CPU
		{43ED4579-F874-4497-AA9D-B20CF3C9A59B}.Main|x86.Build.0 = Debug|Any CPU
		{43ED4579-F874-4497-AA9D-B20CF3C9A59B}.Main-Debug|Any CPU.ActiveCfg = Debug|Any CPU
		{43ED4579-F874-4497-AA9D-B20CF3C9A59B}.Main-Debug|Any CPU.Build.0 = Debug|Any CPU
		{43ED4579-F874-4497-AA9D-B20CF3C9A59B}.Main-Debug|ARM.ActiveCfg = Debug|Any CPU
		{43ED4579-F874-4497-AA9D-B20CF3C9A59B}.Main-Debug|ARM.Build.0 = Debug|Any CPU
		{43ED4579-F874-4497-AA9D-B20CF3C9A59B}.Main-Debug|ARM64.ActiveCfg = Debug|Any CPU
		{43ED4579-F874-4497-AA9D-B20CF3C9A59B}.Main-Debug|ARM64.Build.0 = Debug|Any CPU
		{43ED4579-F874-4497-AA9D-B20CF3C9A59B}.Main-Debug|x64.ActiveCfg = Debug|Any CPU
		{43ED4579-F874-4497-AA9D-B20CF3C9A59B}.Main-Debug|x64.Build.0 = Debug|Any CPU
		{43ED4579-F874-4497-AA9D-B20CF3C9A59B}.Main-Debug|x86.ActiveCfg = Debug|Any CPU
		{43ED4579-F874-4497-AA9D-B20CF3C9A59B}.Main-Debug|x86.Build.0 = Debug|Any CPU
		{43ED4579-F874-4497-AA9D-B20CF3C9A59B}.Release|Any CPU.ActiveCfg = Release|Any CPU
		{43ED4579-F874-4497-AA9D-B20CF3C9A59B}.Release|Any CPU.Build.0 = Release|Any CPU
		{43ED4579-F874-4497-AA9D-B20CF3C9A59B}.Release|ARM.ActiveCfg = Release|Any CPU
		{43ED4579-F874-4497-AA9D-B20CF3C9A59B}.Release|ARM.Build.0 = Release|Any CPU
		{43ED4579-F874-4497-AA9D-B20CF3C9A59B}.Release|ARM64.ActiveCfg = Release|Any CPU
		{43ED4579-F874-4497-AA9D-B20CF3C9A59B}.Release|ARM64.Build.0 = Release|Any CPU
		{43ED4579-F874-4497-AA9D-B20CF3C9A59B}.Release|x64.ActiveCfg = Release|Any CPU
		{43ED4579-F874-4497-AA9D-B20CF3C9A59B}.Release|x64.Build.0 = Release|Any CPU
		{43ED4579-F874-4497-AA9D-B20CF3C9A59B}.Release|x86.ActiveCfg = Release|Any CPU
		{43ED4579-F874-4497-AA9D-B20CF3C9A59B}.Release|x86.Build.0 = Release|Any CPU
		{A881FE5B-1362-4D83-B86F-FB3F818A3476}.Debug|Any CPU.ActiveCfg = Debug|x86
		{A881FE5B-1362-4D83-B86F-FB3F818A3476}.Debug|Any CPU.Build.0 = Debug|x86
		{A881FE5B-1362-4D83-B86F-FB3F818A3476}.Debug|ARM.ActiveCfg = Debug|Any CPU
		{A881FE5B-1362-4D83-B86F-FB3F818A3476}.Debug|ARM.Build.0 = Debug|Any CPU
		{A881FE5B-1362-4D83-B86F-FB3F818A3476}.Debug|ARM64.ActiveCfg = Debug|Any CPU
		{A881FE5B-1362-4D83-B86F-FB3F818A3476}.Debug|ARM64.Build.0 = Debug|Any CPU
		{A881FE5B-1362-4D83-B86F-FB3F818A3476}.Debug|x64.ActiveCfg = Debug|Any CPU
		{A881FE5B-1362-4D83-B86F-FB3F818A3476}.Debug|x64.Build.0 = Debug|Any CPU
		{A881FE5B-1362-4D83-B86F-FB3F818A3476}.Debug|x86.ActiveCfg = Debug|Any CPU
		{A881FE5B-1362-4D83-B86F-FB3F818A3476}.Debug|x86.Build.0 = Debug|Any CPU
		{A881FE5B-1362-4D83-B86F-FB3F818A3476}.Main|Any CPU.ActiveCfg = Debug|Any CPU
		{A881FE5B-1362-4D83-B86F-FB3F818A3476}.Main|Any CPU.Build.0 = Debug|Any CPU
		{A881FE5B-1362-4D83-B86F-FB3F818A3476}.Main|ARM.ActiveCfg = Debug|Any CPU
		{A881FE5B-1362-4D83-B86F-FB3F818A3476}.Main|ARM.Build.0 = Debug|Any CPU
		{A881FE5B-1362-4D83-B86F-FB3F818A3476}.Main|ARM64.ActiveCfg = Debug|Any CPU
		{A881FE5B-1362-4D83-B86F-FB3F818A3476}.Main|ARM64.Build.0 = Debug|Any CPU
		{A881FE5B-1362-4D83-B86F-FB3F818A3476}.Main|x64.ActiveCfg = Debug|Any CPU
		{A881FE5B-1362-4D83-B86F-FB3F818A3476}.Main|x64.Build.0 = Debug|Any CPU
		{A881FE5B-1362-4D83-B86F-FB3F818A3476}.Main|x86.ActiveCfg = Debug|Any CPU
		{A881FE5B-1362-4D83-B86F-FB3F818A3476}.Main|x86.Build.0 = Debug|Any CPU
		{A881FE5B-1362-4D83-B86F-FB3F818A3476}.Main-Debug|Any CPU.ActiveCfg = Debug|Any CPU
		{A881FE5B-1362-4D83-B86F-FB3F818A3476}.Main-Debug|Any CPU.Build.0 = Debug|Any CPU
		{A881FE5B-1362-4D83-B86F-FB3F818A3476}.Main-Debug|ARM.ActiveCfg = Debug|Any CPU
		{A881FE5B-1362-4D83-B86F-FB3F818A3476}.Main-Debug|ARM.Build.0 = Debug|Any CPU
		{A881FE5B-1362-4D83-B86F-FB3F818A3476}.Main-Debug|ARM64.ActiveCfg = Debug|Any CPU
		{A881FE5B-1362-4D83-B86F-FB3F818A3476}.Main-Debug|ARM64.Build.0 = Debug|Any CPU
		{A881FE5B-1362-4D83-B86F-FB3F818A3476}.Main-Debug|x64.ActiveCfg = Debug|Any CPU
		{A881FE5B-1362-4D83-B86F-FB3F818A3476}.Main-Debug|x64.Build.0 = Debug|Any CPU
		{A881FE5B-1362-4D83-B86F-FB3F818A3476}.Main-Debug|x86.ActiveCfg = Debug|Any CPU
		{A881FE5B-1362-4D83-B86F-FB3F818A3476}.Main-Debug|x86.Build.0 = Debug|Any CPU
		{A881FE5B-1362-4D83-B86F-FB3F818A3476}.Release|Any CPU.ActiveCfg = Release|Any CPU
		{A881FE5B-1362-4D83-B86F-FB3F818A3476}.Release|Any CPU.Build.0 = Release|Any CPU
		{A881FE5B-1362-4D83-B86F-FB3F818A3476}.Release|ARM.ActiveCfg = Release|Any CPU
		{A881FE5B-1362-4D83-B86F-FB3F818A3476}.Release|ARM.Build.0 = Release|Any CPU
		{A881FE5B-1362-4D83-B86F-FB3F818A3476}.Release|ARM64.ActiveCfg = Release|Any CPU
		{A881FE5B-1362-4D83-B86F-FB3F818A3476}.Release|ARM64.Build.0 = Release|Any CPU
		{A881FE5B-1362-4D83-B86F-FB3F818A3476}.Release|x64.ActiveCfg = Release|Any CPU
		{A881FE5B-1362-4D83-B86F-FB3F818A3476}.Release|x64.Build.0 = Release|Any CPU
		{A881FE5B-1362-4D83-B86F-FB3F818A3476}.Release|x86.ActiveCfg = Release|Any CPU
		{A881FE5B-1362-4D83-B86F-FB3F818A3476}.Release|x86.Build.0 = Release|Any CPU
		{B2B0EEB4-0970-4946-A282-C2078E5CDDE7}.Debug|Any CPU.ActiveCfg = Debug|Win32
		{B2B0EEB4-0970-4946-A282-C2078E5CDDE7}.Debug|Any CPU.Build.0 = Debug|Win32
		{B2B0EEB4-0970-4946-A282-C2078E5CDDE7}.Debug|ARM.ActiveCfg = Debug|x64
		{B2B0EEB4-0970-4946-A282-C2078E5CDDE7}.Debug|ARM.Build.0 = Debug|x64
		{B2B0EEB4-0970-4946-A282-C2078E5CDDE7}.Debug|ARM64.ActiveCfg = Debug|x64
		{B2B0EEB4-0970-4946-A282-C2078E5CDDE7}.Debug|ARM64.Build.0 = Debug|x64
		{B2B0EEB4-0970-4946-A282-C2078E5CDDE7}.Debug|x64.ActiveCfg = Debug|x64
		{B2B0EEB4-0970-4946-A282-C2078E5CDDE7}.Debug|x64.Build.0 = Debug|x64
		{B2B0EEB4-0970-4946-A282-C2078E5CDDE7}.Debug|x86.ActiveCfg = Debug|Win32
		{B2B0EEB4-0970-4946-A282-C2078E5CDDE7}.Debug|x86.Build.0 = Debug|Win32
		{B2B0EEB4-0970-4946-A282-C2078E5CDDE7}.Main|Any CPU.ActiveCfg = Debug|x64
		{B2B0EEB4-0970-4946-A282-C2078E5CDDE7}.Main|Any CPU.Build.0 = Debug|x64
		{B2B0EEB4-0970-4946-A282-C2078E5CDDE7}.Main|ARM.ActiveCfg = Debug|x64
		{B2B0EEB4-0970-4946-A282-C2078E5CDDE7}.Main|ARM.Build.0 = Debug|x64
		{B2B0EEB4-0970-4946-A282-C2078E5CDDE7}.Main|ARM64.ActiveCfg = Debug|x64
		{B2B0EEB4-0970-4946-A282-C2078E5CDDE7}.Main|ARM64.Build.0 = Debug|x64
		{B2B0EEB4-0970-4946-A282-C2078E5CDDE7}.Main|x64.ActiveCfg = Debug|x64
		{B2B0EEB4-0970-4946-A282-C2078E5CDDE7}.Main|x64.Build.0 = Debug|x64
		{B2B0EEB4-0970-4946-A282-C2078E5CDDE7}.Main|x86.ActiveCfg = Debug|Win32
		{B2B0EEB4-0970-4946-A282-C2078E5CDDE7}.Main|x86.Build.0 = Debug|Win32
		{B2B0EEB4-0970-4946-A282-C2078E5CDDE7}.Main-Debug|Any CPU.ActiveCfg = Debug|x64
		{B2B0EEB4-0970-4946-A282-C2078E5CDDE7}.Main-Debug|Any CPU.Build.0 = Debug|x64
		{B2B0EEB4-0970-4946-A282-C2078E5CDDE7}.Main-Debug|ARM.ActiveCfg = Debug|x64
		{B2B0EEB4-0970-4946-A282-C2078E5CDDE7}.Main-Debug|ARM.Build.0 = Debug|x64
		{B2B0EEB4-0970-4946-A282-C2078E5CDDE7}.Main-Debug|ARM64.ActiveCfg = Debug|x64
		{B2B0EEB4-0970-4946-A282-C2078E5CDDE7}.Main-Debug|ARM64.Build.0 = Debug|x64
		{B2B0EEB4-0970-4946-A282-C2078E5CDDE7}.Main-Debug|x64.ActiveCfg = Debug|x64
		{B2B0EEB4-0970-4946-A282-C2078E5CDDE7}.Main-Debug|x64.Build.0 = Debug|x64
		{B2B0EEB4-0970-4946-A282-C2078E5CDDE7}.Main-Debug|x86.ActiveCfg = Debug|Win32
		{B2B0EEB4-0970-4946-A282-C2078E5CDDE7}.Main-Debug|x86.Build.0 = Debug|Win32
		{B2B0EEB4-0970-4946-A282-C2078E5CDDE7}.Release|Any CPU.ActiveCfg = Release|x64
		{B2B0EEB4-0970-4946-A282-C2078E5CDDE7}.Release|Any CPU.Build.0 = Release|x64
		{B2B0EEB4-0970-4946-A282-C2078E5CDDE7}.Release|ARM.ActiveCfg = Release|x64
		{B2B0EEB4-0970-4946-A282-C2078E5CDDE7}.Release|ARM.Build.0 = Release|x64
		{B2B0EEB4-0970-4946-A282-C2078E5CDDE7}.Release|ARM64.ActiveCfg = Release|x64
		{B2B0EEB4-0970-4946-A282-C2078E5CDDE7}.Release|ARM64.Build.0 = Release|x64
		{B2B0EEB4-0970-4946-A282-C2078E5CDDE7}.Release|x64.ActiveCfg = Release|x64
		{B2B0EEB4-0970-4946-A282-C2078E5CDDE7}.Release|x64.Build.0 = Release|x64
		{B2B0EEB4-0970-4946-A282-C2078E5CDDE7}.Release|x86.ActiveCfg = Release|Win32
		{B2B0EEB4-0970-4946-A282-C2078E5CDDE7}.Release|x86.Build.0 = Release|Win32
		{33E025C7-AC55-4CF7-8012-B44E354F1D59}.Debug|Any CPU.ActiveCfg = Debug|x86
		{33E025C7-AC55-4CF7-8012-B44E354F1D59}.Debug|Any CPU.Build.0 = Debug|x86
		{33E025C7-AC55-4CF7-8012-B44E354F1D59}.Debug|ARM.ActiveCfg = Debug|Any CPU
		{33E025C7-AC55-4CF7-8012-B44E354F1D59}.Debug|ARM.Build.0 = Debug|Any CPU
		{33E025C7-AC55-4CF7-8012-B44E354F1D59}.Debug|ARM64.ActiveCfg = Debug|Any CPU
		{33E025C7-AC55-4CF7-8012-B44E354F1D59}.Debug|ARM64.Build.0 = Debug|Any CPU
		{33E025C7-AC55-4CF7-8012-B44E354F1D59}.Debug|x64.ActiveCfg = Debug|Any CPU
		{33E025C7-AC55-4CF7-8012-B44E354F1D59}.Debug|x64.Build.0 = Debug|Any CPU
		{33E025C7-AC55-4CF7-8012-B44E354F1D59}.Debug|x86.ActiveCfg = Debug|Any CPU
		{33E025C7-AC55-4CF7-8012-B44E354F1D59}.Debug|x86.Build.0 = Debug|Any CPU
		{33E025C7-AC55-4CF7-8012-B44E354F1D59}.Main|Any CPU.ActiveCfg = Debug|Any CPU
		{33E025C7-AC55-4CF7-8012-B44E354F1D59}.Main|Any CPU.Build.0 = Debug|Any CPU
		{33E025C7-AC55-4CF7-8012-B44E354F1D59}.Main|ARM.ActiveCfg = Debug|Any CPU
		{33E025C7-AC55-4CF7-8012-B44E354F1D59}.Main|ARM.Build.0 = Debug|Any CPU
		{33E025C7-AC55-4CF7-8012-B44E354F1D59}.Main|ARM64.ActiveCfg = Debug|Any CPU
		{33E025C7-AC55-4CF7-8012-B44E354F1D59}.Main|ARM64.Build.0 = Debug|Any CPU
		{33E025C7-AC55-4CF7-8012-B44E354F1D59}.Main|x64.ActiveCfg = Debug|Any CPU
		{33E025C7-AC55-4CF7-8012-B44E354F1D59}.Main|x64.Build.0 = Debug|Any CPU
		{33E025C7-AC55-4CF7-8012-B44E354F1D59}.Main|x86.ActiveCfg = Debug|Any CPU
		{33E025C7-AC55-4CF7-8012-B44E354F1D59}.Main|x86.Build.0 = Debug|Any CPU
		{33E025C7-AC55-4CF7-8012-B44E354F1D59}.Main-Debug|Any CPU.ActiveCfg = Debug|Any CPU
		{33E025C7-AC55-4CF7-8012-B44E354F1D59}.Main-Debug|Any CPU.Build.0 = Debug|Any CPU
		{33E025C7-AC55-4CF7-8012-B44E354F1D59}.Main-Debug|ARM.ActiveCfg = Debug|Any CPU
		{33E025C7-AC55-4CF7-8012-B44E354F1D59}.Main-Debug|ARM.Build.0 = Debug|Any CPU
		{33E025C7-AC55-4CF7-8012-B44E354F1D59}.Main-Debug|ARM64.ActiveCfg = Debug|Any CPU
		{33E025C7-AC55-4CF7-8012-B44E354F1D59}.Main-Debug|ARM64.Build.0 = Debug|Any CPU
		{33E025C7-AC55-4CF7-8012-B44E354F1D59}.Main-Debug|x64.ActiveCfg = Debug|Any CPU
		{33E025C7-AC55-4CF7-8012-B44E354F1D59}.Main-Debug|x64.Build.0 = Debug|Any CPU
		{33E025C7-AC55-4CF7-8012-B44E354F1D59}.Main-Debug|x86.ActiveCfg = Debug|Any CPU
		{33E025C7-AC55-4CF7-8012-B44E354F1D59}.Main-Debug|x86.Build.0 = Debug|Any CPU
		{33E025C7-AC55-4CF7-8012-B44E354F1D59}.Release|Any CPU.ActiveCfg = Release|Any CPU
		{33E025C7-AC55-4CF7-8012-B44E354F1D59}.Release|Any CPU.Build.0 = Release|Any CPU
		{33E025C7-AC55-4CF7-8012-B44E354F1D59}.Release|ARM.ActiveCfg = Release|Any CPU
		{33E025C7-AC55-4CF7-8012-B44E354F1D59}.Release|ARM.Build.0 = Release|Any CPU
		{33E025C7-AC55-4CF7-8012-B44E354F1D59}.Release|ARM64.ActiveCfg = Release|Any CPU
		{33E025C7-AC55-4CF7-8012-B44E354F1D59}.Release|ARM64.Build.0 = Release|Any CPU
		{33E025C7-AC55-4CF7-8012-B44E354F1D59}.Release|x64.ActiveCfg = Release|Any CPU
		{33E025C7-AC55-4CF7-8012-B44E354F1D59}.Release|x64.Build.0 = Release|Any CPU
		{33E025C7-AC55-4CF7-8012-B44E354F1D59}.Release|x86.ActiveCfg = Release|Any CPU
		{33E025C7-AC55-4CF7-8012-B44E354F1D59}.Release|x86.Build.0 = Release|Any CPU
	EndGlobalSection
	GlobalSection(SolutionProperties) = preSolution
		HideSolutionNode = FALSE
	EndGlobalSection
	GlobalSection(ExtensibilityGlobals) = postSolution
		SolutionGuid = {3F7065D4-94E1-42E5-A498-3F8C4DE41FCE}
	EndGlobalSection
EndGlobal
